
Microsoft Visual Studio Solution File, Format Version 12.00
# Visual Studio Version 17
VisualStudioVersion = 17.0.31903.59
MinimumVisualStudioVersion = 10.0.40219.1
Project("{2150E333-8FDC-42A3-9474-1A3956D46DE8}") = "TESTS", "TESTS", "{892970F9-DEAF-4B1B-8D93-883061EE381F}"
EndProject
Project("{FAE04EC0-301F-11D3-BF4B-00C04F79EFBC}") = "General.SequenceParsing.UnitTests", "TESTS\General.SequenceParsing.UnitTests\General.SequenceParsing.UnitTests.csproj", "{33EA0446-66A0-44EE-A83D-0B86DC68F57D}"
EndProject
Project("{2150E333-8FDC-42A3-9474-1A3956D46DE8}") = "_SRC", "_SRC", "{DE614C96-ECFA-477E-92BB-76A41CF17B77}"
EndProject
Project("{FAE04EC0-301F-11D3-BF4B-00C04F79EFBC}") = "General.SequenceParsing", "_SRC\General.SequenceParsing\General.SequenceParsing.csproj", "{D5705FC5-0875-4BF5-BFD6-B0AD449F7A23}"
EndProject
Global
	GlobalSection(SolutionConfigurationPlatforms) = preSolution
		Debug|Any CPU = Debug|Any CPU
		Release|Any CPU = Release|Any CPU
	EndGlobalSection
	GlobalSection(SolutionProperties) = preSolution
		HideSolutionNode = FALSE
	EndGlobalSection
	GlobalSection(ProjectConfigurationPlatforms) = postSolution
		{33EA0446-66A0-44EE-A83D-0B86DC68F57D}.Debug|Any CPU.ActiveCfg = Debug|Any CPU
		{33EA0446-66A0-44EE-A83D-0B86DC68F57D}.Debug|Any CPU.Build.0 = Debug|Any CPU
		{33EA0446-66A0-44EE-A83D-0B86DC68F57D}.Release|Any CPU.ActiveCfg = Release|Any CPU
		{33EA0446-66A0-44EE-A83D-0B86DC68F57D}.Release|Any CPU.Build.0 = Release|Any CPU
		{D5705FC5-0875-4BF5-BFD6-B0AD449F7A23}.Debug|Any CPU.ActiveCfg = Debug|Any CPU
		{D5705FC5-0875-4BF5-BFD6-B0AD449F7A23}.Debug|Any CPU.Build.0 = Debug|Any CPU
		{D5705FC5-0875-4BF5-BFD6-B0AD449F7A23}.Release|Any CPU.ActiveCfg = Release|Any CPU
		{D5705FC5-0875-4BF5-BFD6-B0AD449F7A23}.Release|Any CPU.Build.0 = Release|Any CPU
	EndGlobalSection
	GlobalSection(NestedProjects) = preSolution
		{33EA0446-66A0-44EE-A83D-0B86DC68F57D} = {892970F9-DEAF-4B1B-8D93-883061EE381F}
		{D5705FC5-0875-4BF5-BFD6-B0AD449F7A23} = {DE614C96-ECFA-477E-92BB-76A41CF17B77}
	EndGlobalSection
EndGlobal
